
Microsoft Visual Studio Solution File, Format Version 12.00
# Visual Studio 14
VisualStudioVersion = 14.0.25420.1
MinimumVisualStudioVersion = 10.0.40219.1
Project("{8BC9CEB8-8B4A-11D0-8D11-00A0C91BC942}") = "API3D", "API3D.vcxproj", "{1BFF1A7A-E862-41FD-9084-C38922C6D27B}"
EndProject
Global
	GlobalSection(SolutionConfigurationPlatforms) = preSolution
		Debug|x64 = Debug|x64
		Debug|x86 = Debug|x86
		Release|x64 = Release|x64
		Release|x86 = Release|x86
	EndGlobalSection
	GlobalSection(ProjectConfigurationPlatforms) = postSolution
		{1BFF1A7A-E862-41FD-9084-C38922C6D27B}.Debug|x64.ActiveCfg = Debug|x64
		{1BFF1A7A-E862-41FD-9084-C38922C6D27B}.Debug|x64.Build.0 = Debug|x64
		{1BFF1A7A-E862-41FD-9084-C38922C6D27B}.Debug|x86.ActiveCfg = Debug|Win32
		{1BFF1A7A-E862-41FD-9084-C38922C6D27B}.Debug|x86.Build.0 = Debug|Win32
		{1BFF1A7A-E862-41FD-9084-C38922C6D27B}.Release|x64.ActiveCfg = Release|x64
		{1BFF1A7A-E862-41FD-9084-C38922C6D27B}.Release|x64.Build.0 = Release|x64
		{1BFF1A7A-E862-41FD-9084-C38922C6D27B}.Release|x86.ActiveCfg = Release|Win32
		{1BFF1A7A-E862-41FD-9084-C38922C6D27B}.Release|x86.Build.0 = Release|Win32
	EndGlobalSection
	GlobalSection(SolutionProperties) = preSolution
		HideSolutionNode = FALSE
	EndGlobalSection
EndGlobal
